// !$*UTF8*$!
{
	archiveVersion = 1;
	classes = {
	};
	objectVersion = 50;
	objects = {

/* Begin PBXBuildFile section */
		C10C060425F4F19400BCF9E7 /* ParameterViewController.swift in Sources */ = {isa = PBXBuildFile; fileRef = C10C060325F4F19400BCF9E7 /* ParameterViewController.swift */; };
		C16C3CC425AF334C00A63D5E /* ModelViewController.swift in Sources */ = {isa = PBXBuildFile; fileRef = C16C3CC325AF334C00A63D5E /* ModelViewController.swift */; };
		C16C3CC825AF366300A63D5E /* Origin.swift in Sources */ = {isa = PBXBuildFile; fileRef = C16C3CC725AF366300A63D5E /* Origin.swift */; };
		C16C3CEA25B4645100A63D5E /* stripes.shader in Sources */ = {isa = PBXBuildFile; fileRef = C16C3CE925B4645100A63D5E /* stripes.shader */; };
		C16C3CFB25B48E3C00A63D5E /* colormap.shader in Resources */ = {isa = PBXBuildFile; fileRef = C16C3CFA25B48E3C00A63D5E /* colormap.shader */; };
		C16C3CFE25B48ED700A63D5E /* checkered.shader in Resources */ = {isa = PBXBuildFile; fileRef = C16C3CFD25B48ED700A63D5E /* checkered.shader */; };
		C1DB91F625ADE35500191FAC /* AppDelegate.swift in Sources */ = {isa = PBXBuildFile; fileRef = C1DB91F525ADE35500191FAC /* AppDelegate.swift */; };
		C1DB91F825ADE35500191FAC /* SceneDelegate.swift in Sources */ = {isa = PBXBuildFile; fileRef = C1DB91F725ADE35500191FAC /* SceneDelegate.swift */; };
		C1DB91FA25ADE35500191FAC /* NaviagationController.swift in Sources */ = {isa = PBXBuildFile; fileRef = C1DB91F925ADE35500191FAC /* NaviagationController.swift */; };
		C1DB91FD25ADE35500191FAC /* Main.storyboard in Resources */ = {isa = PBXBuildFile; fileRef = C1DB91FB25ADE35500191FAC /* Main.storyboard */; };
		C1DB91FF25ADE35500191FAC /* Assets.xcassets in Resources */ = {isa = PBXBuildFile; fileRef = C1DB91FE25ADE35500191FAC /* Assets.xcassets */; };
		C1DB920225ADE35500191FAC /* LaunchScreen.storyboard in Resources */ = {isa = PBXBuildFile; fileRef = C1DB920025ADE35500191FAC /* LaunchScreen.storyboard */; };
		C1DB920B25ADE39B00191FAC /* LoginViewController.swift in Sources */ = {isa = PBXBuildFile; fileRef = C1DB920A25ADE39B00191FAC /* LoginViewController.swift */; };
		C1DB920F25ADE6EF00191FAC /* RoundButton.swift in Sources */ = {isa = PBXBuildFile; fileRef = C1DB920E25ADE6EF00191FAC /* RoundButton.swift */; };
		C1DB921425ADF1E400191FAC /* CameraViewController.swift in Sources */ = {isa = PBXBuildFile; fileRef = C1DB921325ADF1E400191FAC /* CameraViewController.swift */; };
		C1DB921925AF1E0900191FAC /* SCNVector3.swift in Sources */ = {isa = PBXBuildFile; fileRef = C1DB921825AF1E0900191FAC /* SCNVector3.swift */; };
		C1DB921D25AF1E3F00191FAC /* CVPixelBuffer.swift in Sources */ = {isa = PBXBuildFile; fileRef = C1DB921C25AF1E3E00191FAC /* CVPixelBuffer.swift */; };
		C1DB922025AF1E7100191FAC /* Float.swift in Sources */ = {isa = PBXBuildFile; fileRef = C1DB921F25AF1E7100191FAC /* Float.swift */; };
		C1DB922325AF1F9C00191FAC /* ModelData.swift in Sources */ = {isa = PBXBuildFile; fileRef = C1DB922225AF1F9C00191FAC /* ModelData.swift */; };
/* End PBXBuildFile section */

/* Begin PBXFileReference section */
		C10C060325F4F19400BCF9E7 /* ParameterViewController.swift */ = {isa = PBXFileReference; lastKnownFileType = sourcecode.swift; path = ParameterViewController.swift; sourceTree = "<group>"; };
		C16C3CC325AF334C00A63D5E /* ModelViewController.swift */ = {isa = PBXFileReference; lastKnownFileType = sourcecode.swift; path = ModelViewController.swift; sourceTree = "<group>"; };
		C16C3CC725AF366300A63D5E /* Origin.swift */ = {isa = PBXFileReference; lastKnownFileType = sourcecode.swift; path = Origin.swift; sourceTree = "<group>"; };
		C16C3CE925B4645100A63D5E /* stripes.shader */ = {isa = PBXFileReference; lastKnownFileType = text; path = stripes.shader; sourceTree = "<group>"; };
		C16C3CFA25B48E3C00A63D5E /* colormap.shader */ = {isa = PBXFileReference; lastKnownFileType = text; path = colormap.shader; sourceTree = "<group>"; };
		C16C3CFD25B48ED700A63D5E /* checkered.shader */ = {isa = PBXFileReference; lastKnownFileType = text; name = checkered.shader; path = ../checkered.shader; sourceTree = "<group>"; };
		C1DB91F225ADE35400191FAC /* Spine Scanner 3D.app */ = {isa = PBXFileReference; explicitFileType = wrapper.application; includeInIndex = 0; path = "Spine Scanner 3D.app"; sourceTree = BUILT_PRODUCTS_DIR; };
		C1DB91F525ADE35500191FAC /* AppDelegate.swift */ = {isa = PBXFileReference; lastKnownFileType = sourcecode.swift; path = AppDelegate.swift; sourceTree = "<group>"; };
		C1DB91F725ADE35500191FAC /* SceneDelegate.swift */ = {isa = PBXFileReference; lastKnownFileType = sourcecode.swift; path = SceneDelegate.swift; sourceTree = "<group>"; };
		C1DB91F925ADE35500191FAC /* NaviagationController.swift */ = {isa = PBXFileReference; lastKnownFileType = sourcecode.swift; path = NaviagationController.swift; sourceTree = "<group>"; };
		C1DB91FC25ADE35500191FAC /* Base */ = {isa = PBXFileReference; lastKnownFileType = file.storyboard; name = Base; path = Base.lproj/Main.storyboard; sourceTree = "<group>"; };
		C1DB91FE25ADE35500191FAC /* Assets.xcassets */ = {isa = PBXFileReference; lastKnownFileType = folder.assetcatalog; path = Assets.xcassets; sourceTree = "<group>"; };
		C1DB920125ADE35500191FAC /* Base */ = {isa = PBXFileReference; lastKnownFileType = file.storyboard; name = Base; path = Base.lproj/LaunchScreen.storyboard; sourceTree = "<group>"; };
		C1DB920325ADE35500191FAC /* Info.plist */ = {isa = PBXFileReference; lastKnownFileType = text.plist.xml; path = Info.plist; sourceTree = "<group>"; };
		C1DB920A25ADE39B00191FAC /* LoginViewController.swift */ = {isa = PBXFileReference; lastKnownFileType = sourcecode.swift; path = LoginViewController.swift; sourceTree = "<group>"; };
		C1DB920E25ADE6EF00191FAC /* RoundButton.swift */ = {isa = PBXFileReference; lastKnownFileType = sourcecode.swift; path = RoundButton.swift; sourceTree = "<group>"; };
		C1DB921325ADF1E400191FAC /* CameraViewController.swift */ = {isa = PBXFileReference; lastKnownFileType = sourcecode.swift; path = CameraViewController.swift; sourceTree = "<group>"; };
		C1DB921825AF1E0900191FAC /* SCNVector3.swift */ = {isa = PBXFileReference; lastKnownFileType = sourcecode.swift; path = SCNVector3.swift; sourceTree = "<group>"; };
		C1DB921C25AF1E3E00191FAC /* CVPixelBuffer.swift */ = {isa = PBXFileReference; lastKnownFileType = sourcecode.swift; path = CVPixelBuffer.swift; sourceTree = "<group>"; };
		C1DB921F25AF1E7100191FAC /* Float.swift */ = {isa = PBXFileReference; lastKnownFileType = sourcecode.swift; path = Float.swift; sourceTree = "<group>"; };
		C1DB922225AF1F9C00191FAC /* ModelData.swift */ = {isa = PBXFileReference; lastKnownFileType = sourcecode.swift; path = ModelData.swift; sourceTree = "<group>"; };
/* End PBXFileReference section */

/* Begin PBXFrameworksBuildPhase section */
		C1DB91EF25ADE35400191FAC /* Frameworks */ = {
			isa = PBXFrameworksBuildPhase;
			buildActionMask = 2147483647;
			files = (
			);
			runOnlyForDeploymentPostprocessing = 0;
		};
/* End PBXFrameworksBuildPhase section */

/* Begin PBXGroup section */
		C16C3CE825B4640500A63D5E /* Shader */ = {
			isa = PBXGroup;
			children = (
				C16C3CFD25B48ED700A63D5E /* checkered.shader */,
				C16C3CFA25B48E3C00A63D5E /* colormap.shader */,
				C16C3CE925B4645100A63D5E /* stripes.shader */,
			);
			path = Shader;
			sourceTree = "<group>";
		};
		C1DB91E925ADE35400191FAC = {
			isa = PBXGroup;
			children = (
				C1DB91F425ADE35400191FAC /* Spine Scanner 3D */,
				C1DB91F325ADE35400191FAC /* Products */,
			);
			sourceTree = "<group>";
		};
		C1DB91F325ADE35400191FAC /* Products */ = {
			isa = PBXGroup;
			children = (
				C1DB91F225ADE35400191FAC /* Spine Scanner 3D.app */,
			);
			name = Products;
			sourceTree = "<group>";
		};
		C1DB91F425ADE35400191FAC /* Spine Scanner 3D */ = {
			isa = PBXGroup;
			children = (
				C1DB91F525ADE35500191FAC /* AppDelegate.swift */,
				C1DB91F725ADE35500191FAC /* SceneDelegate.swift */,
				C1DB922225AF1F9C00191FAC /* ModelData.swift */,
				C1DB91F925ADE35500191FAC /* NaviagationController.swift */,
				C1DB920A25ADE39B00191FAC /* LoginViewController.swift */,
				C1DB921325ADF1E400191FAC /* CameraViewController.swift */,
				C16C3CC325AF334C00A63D5E /* ModelViewController.swift */,
				C10C060325F4F19400BCF9E7 /* ParameterViewController.swift */,
				C16C3CC725AF366300A63D5E /* Origin.swift */,
				C1DB91FB25ADE35500191FAC /* Main.storyboard */,
				C16C3CE825B4640500A63D5E /* Shader */,
				C1DB921725AF1DCD00191FAC /* Extensions */,
				C1DB921125ADE6FE00191FAC /* Design */,
				C1DB91FE25ADE35500191FAC /* Assets.xcassets */,
				C1DB920025ADE35500191FAC /* LaunchScreen.storyboard */,
				C1DB920325ADE35500191FAC /* Info.plist */,
			);
			path = "Spine Scanner 3D";
			sourceTree = "<group>";
		};
		C1DB921125ADE6FE00191FAC /* Design */ = {
			isa = PBXGroup;
			children = (
				C1DB920E25ADE6EF00191FAC /* RoundButton.swift */,
			);
			path = Design;
			sourceTree = "<group>";
		};
		C1DB921725AF1DCD00191FAC /* Extensions */ = {
			isa = PBXGroup;
			children = (
				C1DB921825AF1E0900191FAC /* SCNVector3.swift */,
				C1DB921C25AF1E3E00191FAC /* CVPixelBuffer.swift */,
				C1DB921F25AF1E7100191FAC /* Float.swift */,
			);
			path = Extensions;
			sourceTree = "<group>";
		};
/* End PBXGroup section */

/* Begin PBXNativeTarget section */
		C1DB91F125ADE35400191FAC /* Spine Scanner 3D */ = {
			isa = PBXNativeTarget;
			buildConfigurationList = C1DB920625ADE35500191FAC /* Build configuration list for PBXNativeTarget "Spine Scanner 3D" */;
			buildPhases = (
				C1DB91EE25ADE35400191FAC /* Sources */,
				C1DB91EF25ADE35400191FAC /* Frameworks */,
				C1DB91F025ADE35400191FAC /* Resources */,
			);
			buildRules = (
			);
			dependencies = (
			);
			name = "Spine Scanner 3D";
			productName = "Spine Scanner 3D";
			productReference = C1DB91F225ADE35400191FAC /* Spine Scanner 3D.app */;
			productType = "com.apple.product-type.application";
		};
/* End PBXNativeTarget section */

/* Begin PBXProject section */
		C1DB91EA25ADE35400191FAC /* Project object */ = {
			isa = PBXProject;
			attributes = {
				LastSwiftUpdateCheck = 1220;
				LastUpgradeCheck = 1220;
				TargetAttributes = {
					C1DB91F125ADE35400191FAC = {
						CreatedOnToolsVersion = 12.2;
					};
				};
			};
			buildConfigurationList = C1DB91ED25ADE35400191FAC /* Build configuration list for PBXProject "Spine Scanner 3D" */;
			compatibilityVersion = "Xcode 9.3";
			developmentRegion = en;
			hasScannedForEncodings = 0;
			knownRegions = (
				en,
				Base,
			);
			mainGroup = C1DB91E925ADE35400191FAC;
			productRefGroup = C1DB91F325ADE35400191FAC /* Products */;
			projectDirPath = "";
			projectRoot = "";
			targets = (
				C1DB91F125ADE35400191FAC /* Spine Scanner 3D */,
			);
		};
/* End PBXProject section */

/* Begin PBXResourcesBuildPhase section */
		C1DB91F025ADE35400191FAC /* Resources */ = {
			isa = PBXResourcesBuildPhase;
			buildActionMask = 2147483647;
			files = (
				C1DB920225ADE35500191FAC /* LaunchScreen.storyboard in Resources */,
				C16C3CFE25B48ED700A63D5E /* checkered.shader in Resources */,
				C16C3CFB25B48E3C00A63D5E /* colormap.shader in Resources */,
				C1DB91FF25ADE35500191FAC /* Assets.xcassets in Resources */,
				C1DB91FD25ADE35500191FAC /* Main.storyboard in Resources */,
			);
			runOnlyForDeploymentPostprocessing = 0;
		};
/* End PBXResourcesBuildPhase section */

/* Begin PBXSourcesBuildPhase section */
		C1DB91EE25ADE35400191FAC /* Sources */ = {
			isa = PBXSourcesBuildPhase;
			buildActionMask = 2147483647;
			files = (
				C10C060425F4F19400BCF9E7 /* ParameterViewController.swift in Sources */,
				C1DB920B25ADE39B00191FAC /* LoginViewController.swift in Sources */,
				C1DB920F25ADE6EF00191FAC /* RoundButton.swift in Sources */,
				C1DB91FA25ADE35500191FAC /* NaviagationController.swift in Sources */,
				C1DB921D25AF1E3F00191FAC /* CVPixelBuffer.swift in Sources */,
				C1DB91F625ADE35500191FAC /* AppDelegate.swift in Sources */,
				C16C3CC825AF366300A63D5E /* Origin.swift in Sources */,
				C1DB91F825ADE35500191FAC /* SceneDelegate.swift in Sources */,
				C1DB921425ADF1E400191FAC /* CameraViewController.swift in Sources */,
				C16C3CEA25B4645100A63D5E /* stripes.shader in Sources */,
				C16C3CC425AF334C00A63D5E /* ModelViewController.swift in Sources */,
				C1DB922325AF1F9C00191FAC /* ModelData.swift in Sources */,
				C1DB921925AF1E0900191FAC /* SCNVector3.swift in Sources */,
				C1DB922025AF1E7100191FAC /* Float.swift in Sources */,
			);
			runOnlyForDeploymentPostprocessing = 0;
		};
/* End PBXSourcesBuildPhase section */

/* Begin PBXVariantGroup section */
		C1DB91FB25ADE35500191FAC /* Main.storyboard */ = {
			isa = PBXVariantGroup;
			children = (
				C1DB91FC25ADE35500191FAC /* Base */,
			);
			name = Main.storyboard;
			sourceTree = "<group>";
		};
		C1DB920025ADE35500191FAC /* LaunchScreen.storyboard */ = {
			isa = PBXVariantGroup;
			children = (
				C1DB920125ADE35500191FAC /* Base */,
			);
			name = LaunchScreen.storyboard;
			sourceTree = "<group>";
		};
/* End PBXVariantGroup section */

/* Begin XCBuildConfiguration section */
		C1DB920425ADE35500191FAC /* Debug */ = {
			isa = XCBuildConfiguration;
			buildSettings = {
				ALWAYS_SEARCH_USER_PATHS = NO;
				CLANG_ANALYZER_NONNULL = YES;
				CLANG_ANALYZER_NUMBER_OBJECT_CONVERSION = YES_AGGRESSIVE;
				CLANG_CXX_LANGUAGE_STANDARD = "gnu++14";
				CLANG_CXX_LIBRARY = "libc++";
				CLANG_ENABLE_MODULES = YES;
				CLANG_ENABLE_OBJC_ARC = YES;
				CLANG_ENABLE_OBJC_WEAK = YES;
				CLANG_WARN_BLOCK_CAPTURE_AUTORELEASING = YES;
				CLANG_WARN_BOOL_CONVERSION = YES;
				CLANG_WARN_COMMA = YES;
				CLANG_WARN_CONSTANT_CONVERSION = YES;
				CLANG_WARN_DEPRECATED_OBJC_IMPLEMENTATIONS = YES;
				CLANG_WARN_DIRECT_OBJC_ISA_USAGE = YES_ERROR;
				CLANG_WARN_DOCUMENTATION_COMMENTS = YES;
				CLANG_WARN_EMPTY_BODY = YES;
				CLANG_WARN_ENUM_CONVERSION = YES;
				CLANG_WARN_INFINITE_RECURSION = YES;
				CLANG_WARN_INT_CONVERSION = YES;
				CLANG_WARN_NON_LITERAL_NULL_CONVERSION = YES;
				CLANG_WARN_OBJC_IMPLICIT_RETAIN_SELF = YES;
				CLANG_WARN_OBJC_LITERAL_CONVERSION = YES;
				CLANG_WARN_OBJC_ROOT_CLASS = YES_ERROR;
				CLANG_WARN_QUOTED_INCLUDE_IN_FRAMEWORK_HEADER = YES;
				CLANG_WARN_RANGE_LOOP_ANALYSIS = YES;
				CLANG_WARN_STRICT_PROTOTYPES = YES;
				CLANG_WARN_SUSPICIOUS_MOVE = YES;
				CLANG_WARN_UNGUARDED_AVAILABILITY = YES_AGGRESSIVE;
				CLANG_WARN_UNREACHABLE_CODE = YES;
				CLANG_WARN__DUPLICATE_METHOD_MATCH = YES;
				COPY_PHASE_STRIP = NO;
				DEBUG_INFORMATION_FORMAT = dwarf;
				ENABLE_STRICT_OBJC_MSGSEND = YES;
				ENABLE_TESTABILITY = YES;
				GCC_C_LANGUAGE_STANDARD = gnu11;
				GCC_DYNAMIC_NO_PIC = NO;
				GCC_NO_COMMON_BLOCKS = YES;
				GCC_OPTIMIZATION_LEVEL = 0;
				GCC_PREPROCESSOR_DEFINITIONS = (
					"DEBUG=1",
					"$(inherited)",
				);
				GCC_WARN_64_TO_32_BIT_CONVERSION = YES;
				GCC_WARN_ABOUT_RETURN_TYPE = YES_ERROR;
				GCC_WARN_UNDECLARED_SELECTOR = YES;
				GCC_WARN_UNINITIALIZED_AUTOS = YES_AGGRESSIVE;
				GCC_WARN_UNUSED_FUNCTION = YES;
				GCC_WARN_UNUSED_VARIABLE = YES;
				IPHONEOS_DEPLOYMENT_TARGET = 14.2;
				MTL_ENABLE_DEBUG_INFO = INCLUDE_SOURCE;
				MTL_FAST_MATH = YES;
				ONLY_ACTIVE_ARCH = YES;
				SDKROOT = iphoneos;
				SWIFT_ACTIVE_COMPILATION_CONDITIONS = DEBUG;
				SWIFT_OPTIMIZATION_LEVEL = "-Onone";
			};
			name = Debug;
		};
		C1DB920525ADE35500191FAC /* Release */ = {
			isa = XCBuildConfiguration;
			buildSettings = {
				ALWAYS_SEARCH_USER_PATHS = NO;
				CLANG_ANALYZER_NONNULL = YES;
				CLANG_ANALYZER_NUMBER_OBJECT_CONVERSION = YES_AGGRESSIVE;
				CLANG_CXX_LANGUAGE_STANDARD = "gnu++14";
				CLANG_CXX_LIBRARY = "libc++";
				CLANG_ENABLE_MODULES = YES;
				CLANG_ENABLE_OBJC_ARC = YES;
				CLANG_ENABLE_OBJC_WEAK = YES;
				CLANG_WARN_BLOCK_CAPTURE_AUTORELEASING = YES;
				CLANG_WARN_BOOL_CONVERSION = YES;
				CLANG_WARN_COMMA = YES;
				CLANG_WARN_CONSTANT_CONVERSION = YES;
				CLANG_WARN_DEPRECATED_OBJC_IMPLEMENTATIONS = YES;
				CLANG_WARN_DIRECT_OBJC_ISA_USAGE = YES_ERROR;
				CLANG_WARN_DOCUMENTATION_COMMENTS = YES;
				CLANG_WARN_EMPTY_BODY = YES;
				CLANG_WARN_ENUM_CONVERSION = YES;
				CLANG_WARN_INFINITE_RECURSION = YES;
				CLANG_WARN_INT_CONVERSION = YES;
				CLANG_WARN_NON_LITERAL_NULL_CONVERSION = YES;
				CLANG_WARN_OBJC_IMPLICIT_RETAIN_SELF = YES;
				CLANG_WARN_OBJC_LITERAL_CONVERSION = YES;
				CLANG_WARN_OBJC_ROOT_CLASS = YES_ERROR;
				CLANG_WARN_QUOTED_INCLUDE_IN_FRAMEWORK_HEADER = YES;
				CLANG_WARN_RANGE_LOOP_ANALYSIS = YES;
				CLANG_WARN_STRICT_PROTOTYPES = YES;
				CLANG_WARN_SUSPICIOUS_MOVE = YES;
				CLANG_WARN_UNGUARDED_AVAILABILITY = YES_AGGRESSIVE;
				CLANG_WARN_UNREACHABLE_CODE = YES;
				CLANG_WARN__DUPLICATE_METHOD_MATCH = YES;
				COPY_PHASE_STRIP = NO;
				DEBUG_INFORMATION_FORMAT = "dwarf-with-dsym";
				ENABLE_NS_ASSERTIONS = NO;
				ENABLE_STRICT_OBJC_MSGSEND = YES;
				GCC_C_LANGUAGE_STANDARD = gnu11;
				GCC_NO_COMMON_BLOCKS = YES;
				GCC_WARN_64_TO_32_BIT_CONVERSION = YES;
				GCC_WARN_ABOUT_RETURN_TYPE = YES_ERROR;
				GCC_WARN_UNDECLARED_SELECTOR = YES;
				GCC_WARN_UNINITIALIZED_AUTOS = YES_AGGRESSIVE;
				GCC_WARN_UNUSED_FUNCTION = YES;
				GCC_WARN_UNUSED_VARIABLE = YES;
				IPHONEOS_DEPLOYMENT_TARGET = 14.2;
				MTL_ENABLE_DEBUG_INFO = NO;
				MTL_FAST_MATH = YES;
				SDKROOT = iphoneos;
				SWIFT_COMPILATION_MODE = wholemodule;
				SWIFT_OPTIMIZATION_LEVEL = "-O";
				VALIDATE_PRODUCT = YES;
			};
			name = Release;
		};
		C1DB920725ADE35500191FAC /* Debug */ = {
			isa = XCBuildConfiguration;
			buildSettings = {
				ASSETCATALOG_COMPILER_APPICON_NAME = AppIcon;
				ASSETCATALOG_COMPILER_GLOBAL_ACCENT_COLOR_NAME = AccentColor;
				CODE_SIGN_STYLE = Automatic;
				DEVELOPMENT_TEAM = M3Q9RWUZ92;
				INFOPLIST_FILE = "Spine Scanner 3D/Info.plist";
				LD_RUNPATH_SEARCH_PATHS = (
					"$(inherited)",
					"@executable_path/Frameworks",
				);
				PRODUCT_BUNDLE_IDENTIFIER = "de.roedling.Spine-Scanner-3D";
				PRODUCT_NAME = "$(TARGET_NAME)";
				SWIFT_VERSION = 5.0;
				TARGETED_DEVICE_FAMILY = "1,2";
			};
			name = Debug;
		};
		C1DB920825ADE35500191FAC /* Release */ = {
			isa = XCBuildConfiguration;
			buildSettings = {
				ASSETCATALOG_COMPILER_APPICON_NAME = AppIcon;
				ASSETCATALOG_COMPILER_GLOBAL_ACCENT_COLOR_NAME = AccentColor;
				CODE_SIGN_STYLE = Automatic;
				DEVELOPMENT_TEAM = M3Q9RWUZ92;
				INFOPLIST_FILE = "Spine Scanner 3D/Info.plist";
				LD_RUNPATH_SEARCH_PATHS = (
					"$(inherited)",
					"@executable_path/Frameworks",
				);
				PRODUCT_BUNDLE_IDENTIFIER = "de.roedling.Spine-Scanner-3D";
				PRODUCT_NAME = "$(TARGET_NAME)";
				SWIFT_VERSION = 5.0;
				TARGETED_DEVICE_FAMILY = "1,2";
			};
			name = Release;
		};
/* End XCBuildConfiguration section */

/* Begin XCConfigurationList section */
		C1DB91ED25ADE35400191FAC /* Build configuration list for PBXProject "Spine Scanner 3D" */ = {
			isa = XCConfigurationList;
			buildConfigurations = (
				C1DB920425ADE35500191FAC /* Debug */,
				C1DB920525ADE35500191FAC /* Release */,
			);
			defaultConfigurationIsVisible = 0;
			defaultConfigurationName = Release;
		};
		C1DB920625ADE35500191FAC /* Build configuration list for PBXNativeTarget "Spine Scanner 3D" */ = {
			isa = XCConfigurationList;
			buildConfigurations = (
				C1DB920725ADE35500191FAC /* Debug */,
				C1DB920825ADE35500191FAC /* Release */,
			);
			defaultConfigurationIsVisible = 0;
			defaultConfigurationName = Release;
		};
/* End XCConfigurationList section */
	};
	rootObject = C1DB91EA25ADE35400191FAC /* Project object */;
}
